
Microsoft Visual Studio Solution File, Format Version 12.00
# Visual Studio Version 17
VisualStudioVersion = 17.7.34031.279
MinimumVisualStudioVersion = 10.0.40219.1
Project("{FAE04EC0-301F-11D3-BF4B-00C04F79EFBC}") = "Menu", "Menu\Menu.csproj", "{B8783507-62A1-42BC-9D2C-D14A8B67CFC1}"
EndProject
Project("{FAE04EC0-301F-11D3-BF4B-00C04F79EFBC}") = "Metodes", "Metodes\Metodes.csproj", "{6C1395D5-E2FB-4613-8B30-B6D2CABFC3CC}"
EndProject
Global
	GlobalSection(SolutionConfigurationPlatforms) = preSolution
		Debug|Any CPU = Debug|Any CPU
		Release|Any CPU = Release|Any CPU
	EndGlobalSection
	GlobalSection(ProjectConfigurationPlatforms) = postSolution
		{B8783507-62A1-42BC-9D2C-D14A8B67CFC1}.Debug|Any CPU.ActiveCfg = Debug|Any CPU
		{B8783507-62A1-42BC-9D2C-D14A8B67CFC1}.Debug|Any CPU.Build.0 = Debug|Any CPU
		{B8783507-62A1-42BC-9D2C-D14A8B67CFC1}.Release|Any CPU.ActiveCfg = Release|Any CPU
		{B8783507-62A1-42BC-9D2C-D14A8B67CFC1}.Release|Any CPU.Build.0 = Release|Any CPU
		{6C1395D5-E2FB-4613-8B30-B6D2CABFC3CC}.Debug|Any CPU.ActiveCfg = Debug|Any CPU
		{6C1395D5-E2FB-4613-8B30-B6D2CABFC3CC}.Debug|Any CPU.Build.0 = Debug|Any CPU
		{6C1395D5-E2FB-4613-8B30-B6D2CABFC3CC}.Release|Any CPU.ActiveCfg = Release|Any CPU
		{6C1395D5-E2FB-4613-8B30-B6D2CABFC3CC}.Release|Any CPU.Build.0 = Release|Any CPU
	EndGlobalSection
	GlobalSection(SolutionProperties) = preSolution
		HideSolutionNode = FALSE
	EndGlobalSection
	GlobalSection(ExtensibilityGlobals) = postSolution
		SolutionGuid = {3D644DEE-E0F9-4550-8FB4-4F143687FC65}
	EndGlobalSection
EndGlobal
